
Microsoft Visual Studio Solution File, Format Version 12.00
# Visual Studio Version 16
VisualStudioVersion = 16.0.28917.181
MinimumVisualStudioVersion = 10.0.40219.1
Project("{FAE04EC0-301F-11D3-BF4B-00C04F79EFBC}") = "ConsoleApp4breakAndContinue", "ConsoleApp4breakAndContinue\ConsoleApp4breakAndContinue.csproj", "{DF6CF4C9-6E34-4230-8C2B-C8A5D84700BE}"
EndProject
Global
	GlobalSection(SolutionConfigurationPlatforms) = preSolution
		Debug|Any CPU = Debug|Any CPU
		Release|Any CPU = Release|Any CPU
	EndGlobalSection
	GlobalSection(ProjectConfigurationPlatforms) = postSolution
		{DF6CF4C9-6E34-4230-8C2B-C8A5D84700BE}.Debug|Any CPU.ActiveCfg = Debug|Any CPU
		{DF6CF4C9-6E34-4230-8C2B-C8A5D84700BE}.Debug|Any CPU.Build.0 = Debug|Any CPU
		{DF6CF4C9-6E34-4230-8C2B-C8A5D84700BE}.Release|Any CPU.ActiveCfg = Release|Any CPU
		{DF6CF4C9-6E34-4230-8C2B-C8A5D84700BE}.Release|Any CPU.Build.0 = Release|Any CPU
	EndGlobalSection
	GlobalSection(SolutionProperties) = preSolution
		HideSolutionNode = FALSE
	EndGlobalSection
	GlobalSection(ExtensibilityGlobals) = postSolution
		SolutionGuid = {C034D4DD-7479-45F2-8197-F1AF8F94EAA7}
	EndGlobalSection
EndGlobal
